<?xml version="1.0" encoding="utf-8"?>
<Project ToolsVersion="16.0" xmlns="http://schemas.microsoft.com/developer/msbuild/2003">
  <ItemGroup>
    <ClCompile Include="C:\Users\starw\source\repos\mp2-lab4-polynom\samples\sample_polynom.cpp">
      <Filter>Source Files</Filter>
    </ClCompile>
  </ItemGroup>
  <ItemGroup>
    <CustomBuild Include="C:\Users\starw\source\repos\mp2-lab4-polynom\samples\CMakeLists.txt" />
  </ItemGroup>
  <ItemGroup>
    <Filter Include="Source Files">
      <UniqueIdentifier>{15F23482-B674-345F-998F-C0D407D37915}</UniqueIdentifier>
    </Filter>
  </ItemGroup>
</Project>
